
Microsoft Visual Studio Solution File, Format Version 12.00
Project("{FAE04EC0-301F-11D3-BF4B-00C04F79EFBC}") = "UpdaterFunction", "UpdaterFunction\UpdaterFunction.csproj", "{E55CEA26-381B-425A-8519-7A5C891DCCCE}"
EndProject
Project("{FAE04EC0-301F-11D3-BF4B-00C04F79EFBC}") = "AmoToSheetFunc", "AmoToSheetFunc\AmoToSheetFunc.csproj", "{23FCA5F9-60F5-4F61-B264-F31150264012}"
EndProject
Project("{FAE04EC0-301F-11D3-BF4B-00C04F79EFBC}") = "Tests", "Tests\Tests.csproj", "{6080CB05-AEA8-4CDA-88F8-B0012BE576C6}"
EndProject
Project("{FAE04EC0-301F-11D3-BF4B-00C04F79EFBC}") = "AmoKeyUpdateFunc", "AmoKeyUpdateFunc\AmoKeyUpdateFunc.csproj", "{A6913119-F2E7-4A84-A030-8D905E35A369}"
EndProject
Project("{FAE04EC0-301F-11D3-BF4B-00C04F79EFBC}") = "YaCloudCommon", "YaCloudCommon\YaCloudCommon.csproj", "{E105C527-3662-4028-8B31-2B12C0B607A6}"
EndProject
Global
	GlobalSection(SolutionConfigurationPlatforms) = preSolution
		Debug|Any CPU = Debug|Any CPU
		Release|Any CPU = Release|Any CPU
	EndGlobalSection
	GlobalSection(ProjectConfigurationPlatforms) = postSolution
		{E55CEA26-381B-425A-8519-7A5C891DCCCE}.Debug|Any CPU.ActiveCfg = Debug|Any CPU
		{E55CEA26-381B-425A-8519-7A5C891DCCCE}.Debug|Any CPU.Build.0 = Debug|Any CPU
		{E55CEA26-381B-425A-8519-7A5C891DCCCE}.Release|Any CPU.ActiveCfg = Release|Any CPU
		{E55CEA26-381B-425A-8519-7A5C891DCCCE}.Release|Any CPU.Build.0 = Release|Any CPU
		{23FCA5F9-60F5-4F61-B264-F31150264012}.Debug|Any CPU.ActiveCfg = Debug|Any CPU
		{23FCA5F9-60F5-4F61-B264-F31150264012}.Debug|Any CPU.Build.0 = Debug|Any CPU
		{23FCA5F9-60F5-4F61-B264-F31150264012}.Release|Any CPU.ActiveCfg = Release|Any CPU
		{23FCA5F9-60F5-4F61-B264-F31150264012}.Release|Any CPU.Build.0 = Release|Any CPU
		{6080CB05-AEA8-4CDA-88F8-B0012BE576C6}.Debug|Any CPU.ActiveCfg = Debug|Any CPU
		{6080CB05-AEA8-4CDA-88F8-B0012BE576C6}.Debug|Any CPU.Build.0 = Debug|Any CPU
		{6080CB05-AEA8-4CDA-88F8-B0012BE576C6}.Release|Any CPU.ActiveCfg = Release|Any CPU
		{6080CB05-AEA8-4CDA-88F8-B0012BE576C6}.Release|Any CPU.Build.0 = Release|Any CPU
		{A6913119-F2E7-4A84-A030-8D905E35A369}.Debug|Any CPU.ActiveCfg = Debug|Any CPU
		{A6913119-F2E7-4A84-A030-8D905E35A369}.Debug|Any CPU.Build.0 = Debug|Any CPU
		{A6913119-F2E7-4A84-A030-8D905E35A369}.Release|Any CPU.ActiveCfg = Release|Any CPU
		{A6913119-F2E7-4A84-A030-8D905E35A369}.Release|Any CPU.Build.0 = Release|Any CPU
		{E105C527-3662-4028-8B31-2B12C0B607A6}.Debug|Any CPU.ActiveCfg = Debug|Any CPU
		{E105C527-3662-4028-8B31-2B12C0B607A6}.Debug|Any CPU.Build.0 = Debug|Any CPU
		{E105C527-3662-4028-8B31-2B12C0B607A6}.Release|Any CPU.ActiveCfg = Release|Any CPU
		{E105C527-3662-4028-8B31-2B12C0B607A6}.Release|Any CPU.Build.0 = Release|Any CPU
	EndGlobalSection
EndGlobal
